// !$*UTF8*$!
{
	archiveVersion = 1;
	classes = {
	};
	objectVersion = 46;
	objects = {

/* Begin PBXBuildFile section */
		91A99A6E1607B499006D61A6 /* UIKit.framework in Frameworks */ = {isa = PBXBuildFile; fileRef = 91A99A6D1607B499006D61A6 /* UIKit.framework */; };
		91A99A701607B499006D61A6 /* Foundation.framework in Frameworks */ = {isa = PBXBuildFile; fileRef = 91A99A6F1607B499006D61A6 /* Foundation.framework */; };
		91A99A721607B499006D61A6 /* CoreGraphics.framework in Frameworks */ = {isa = PBXBuildFile; fileRef = 91A99A711607B499006D61A6 /* CoreGraphics.framework */; };
		91A99A781607B499006D61A6 /* InfoPlist.strings in Resources */ = {isa = PBXBuildFile; fileRef = 91A99A761607B499006D61A6 /* InfoPlist.strings */; };
		91A99A7A1607B499006D61A6 /* main.m in Sources */ = {isa = PBXBuildFile; fileRef = 91A99A791607B499006D61A6 /* main.m */; };
		91A99A7E1607B499006D61A6 /* Hello_WorldAppDelegate.m in Sources */ = {isa = PBXBuildFile; fileRef = 91A99A7D1607B499006D61A6 /* Hello_WorldAppDelegate.m */; };
		91A99A811607B499006D61A6 /* Hello_WorldViewController.m in Sources */ = {isa = PBXBuildFile; fileRef = 91A99A801607B499006D61A6 /* Hello_WorldViewController.m */; };
		91A99A841607B499006D61A6 /* Hello_WorldViewController.xib in Resources */ = {isa = PBXBuildFile; fileRef = 91A99A821607B499006D61A6 /* Hello_WorldViewController.xib */; };
		91B576981611249200596442 /* Default-568h@2x.png in Resources */ = {isa = PBXBuildFile; fileRef = 91B576971611249200596442 /* Default-568h@2x.png */; };
/* End PBXBuildFile section */

/* Begin PBXFileReference section */
		91A99A691607B499006D61A6 /* Hello World.app */ = {isa = PBXFileReference; explicitFileType = wrapper.application; includeInIndex = 0; path = "Hello World.app"; sourceTree = BUILT_PRODUCTS_DIR; };
		91A99A6D1607B499006D61A6 /* UIKit.framework */ = {isa = PBXFileReference; lastKnownFileType = wrapper.framework; name = UIKit.framework; path = System/Library/Frameworks/UIKit.framework; sourceTree = SDKROOT; };
		91A99A6F1607B499006D61A6 /* Foundation.framework */ = {isa = PBXFileReference; lastKnownFileType = wrapper.framework; name = Foundation.framework; path = System/Library/Frameworks/Foundation.framework; sourceTree = SDKROOT; };
		91A99A711607B499006D61A6 /* CoreGraphics.framework */ = {isa = PBXFileReference; lastKnownFileType = wrapper.framework; name = CoreGraphics.framework; path = System/Library/Frameworks/CoreGraphics.framework; sourceTree = SDKROOT; };
		91A99A751607B499006D61A6 /* Hello World-Info.plist */ = {isa = PBXFileReference; lastKnownFileType = text.plist.xml; path = "Hello World-Info.plist"; sourceTree = "<group>"; };
		91A99A771607B499006D61A6 /* en */ = {isa = PBXFileReference; lastKnownFileType = text.plist.strings; name = en; path = en.lproj/InfoPlist.strings; sourceTree = "<group>"; };
		91A99A791607B499006D61A6 /* main.m */ = {isa = PBXFileReference; lastKnownFileType = sourcecode.c.objc; path = main.m; sourceTree = "<group>"; };
		91A99A7B1607B499006D61A6 /* Hello World-Prefix.pch */ = {isa = PBXFileReference; lastKnownFileType = sourcecode.c.h; path = "Hello World-Prefix.pch"; sourceTree = "<group>"; };
		91A99A7C1607B499006D61A6 /* Hello_WorldAppDelegate.h */ = {isa = PBXFileReference; lastKnownFileType = sourcecode.c.h; path = Hello_WorldAppDelegate.h; sourceTree = "<group>"; };
		91A99A7D1607B499006D61A6 /* Hello_WorldAppDelegate.m */ = {isa = PBXFileReference; lastKnownFileType = sourcecode.c.objc; path = Hello_WorldAppDelegate.m; sourceTree = "<group>"; };
		91A99A7F1607B499006D61A6 /* Hello_WorldViewController.h */ = {isa = PBXFileReference; lastKnownFileType = sourcecode.c.h; path = Hello_WorldViewController.h; sourceTree = "<group>"; };
		91A99A801607B499006D61A6 /* Hello_WorldViewController.m */ = {isa = PBXFileReference; lastKnownFileType = sourcecode.c.objc; path = Hello_WorldViewController.m; sourceTree = "<group>"; };
		91A99A831607B499006D61A6 /* en */ = {isa = PBXFileReference; lastKnownFileType = file.xib; name = en; path = en.lproj/Hello_WorldViewController.xib; sourceTree = "<group>"; };
		91B576971611249200596442 /* Default-568h@2x.png */ = {isa = PBXFileReference; lastKnownFileType = image.png; path = "Default-568h@2x.png"; sourceTree = "<group>"; };
/* End PBXFileReference section */

/* Begin PBXFrameworksBuildPhase section */
		91A99A661607B499006D61A6 /* Frameworks */ = {
			isa = PBXFrameworksBuildPhase;
			buildActionMask = 2147483647;
			files = (
				91A99A6E1607B499006D61A6 /* UIKit.framework in Frameworks */,
				91A99A701607B499006D61A6 /* Foundation.framework in Frameworks */,
				91A99A721607B499006D61A6 /* CoreGraphics.framework in Frameworks */,
			);
			runOnlyForDeploymentPostprocessing = 0;
		};
/* End PBXFrameworksBuildPhase section */

/* Begin PBXGroup section */
		91A99A5E1607B499006D61A6 = {
			isa = PBXGroup;
			children = (
				91B576971611249200596442 /* Default-568h@2x.png */,
				91A99A731607B499006D61A6 /* Hello World */,
				91A99A6C1607B499006D61A6 /* Frameworks */,
				91A99A6A1607B499006D61A6 /* Products */,
			);
			sourceTree = "<group>";
		};
		91A99A6A1607B499006D61A6 /* Products */ = {
			isa = PBXGroup;
			children = (
				91A99A691607B499006D61A6 /* Hello World.app */,
			);
			name = Products;
			sourceTree = "<group>";
		};
		91A99A6C1607B499006D61A6 /* Frameworks */ = {
			isa = PBXGroup;
			children = (
				91A99A6D1607B499006D61A6 /* UIKit.framework */,
				91A99A6F1607B499006D61A6 /* Foundation.framework */,
				91A99A711607B499006D61A6 /* CoreGraphics.framework */,
			);
			name = Frameworks;
			sourceTree = "<group>";
		};
		91A99A731607B499006D61A6 /* Hello World */ = {
			isa = PBXGroup;
			children = (
				91A99A7C1607B499006D61A6 /* Hello_WorldAppDelegate.h */,
				91A99A7D1607B499006D61A6 /* Hello_WorldAppDelegate.m */,
				91A99A7F1607B499006D61A6 /* Hello_WorldViewController.h */,
				91A99A801607B499006D61A6 /* Hello_WorldViewController.m */,
				91A99A821607B499006D61A6 /* Hello_WorldViewController.xib */,
				91A99A741607B499006D61A6 /* Supporting Files */,
			);
			path = "Hello World";
			sourceTree = "<group>";
		};
		91A99A741607B499006D61A6 /* Supporting Files */ = {
			isa = PBXGroup;
			children = (
				91A99A751607B499006D61A6 /* Hello World-Info.plist */,
				91A99A761607B499006D61A6 /* InfoPlist.strings */,
				91A99A791607B499006D61A6 /* main.m */,
				91A99A7B1607B499006D61A6 /* Hello World-Prefix.pch */,
			);
			name = "Supporting Files";
			sourceTree = "<group>";
		};
/* End PBXGroup section */

/* Begin PBXNativeTarget section */
		91A99A681607B499006D61A6 /* Hello World */ = {
			isa = PBXNativeTarget;
			buildConfigurationList = 91A99A871607B499006D61A6 /* Build configuration list for PBXNativeTarget "Hello World" */;
			buildPhases = (
				91A99A651607B499006D61A6 /* Sources */,
				91A99A661607B499006D61A6 /* Frameworks */,
				91A99A671607B499006D61A6 /* Resources */,
			);
			buildRules = (
			);
			dependencies = (
			);
			name = "Hello World";
			productName = "Hello World";
			productReference = 91A99A691607B499006D61A6 /* Hello World.app */;
			productType = "com.apple.product-type.application";
		};
/* End PBXNativeTarget section */

/* Begin PBXProject section */
		91A99A601607B499006D61A6 /* Project object */ = {
			isa = PBXProject;
			attributes = {
				CLASSPREFIX = "Hello World";
				LastUpgradeCheck = 0440;
				ORGANIZATIONNAME = "MMC IOS Group";
			};
			buildConfigurationList = 91A99A631607B499006D61A6 /* Build configuration list for PBXProject "Hello World" */;
			compatibilityVersion = "Xcode 3.2";
			developmentRegion = English;
			hasScannedForEncodings = 0;
			knownRegions = (
				en,
			);
			mainGroup = 91A99A5E1607B499006D61A6;
			productRefGroup = 91A99A6A1607B499006D61A6 /* Products */;
			projectDirPath = "";
			projectRoot = "";
			targets = (
				91A99A681607B499006D61A6 /* Hello World */,
			);
		};
/* End PBXProject section */

/* Begin PBXResourcesBuildPhase section */
		91A99A671607B499006D61A6 /* Resources */ = {
			isa = PBXResourcesBuildPhase;
			buildActionMask = 2147483647;
			files = (
				91A99A781607B499006D61A6 /* InfoPlist.strings in Resources */,
				91A99A841607B499006D61A6 /* Hello_WorldViewController.xib in Resources */,
				91B576981611249200596442 /* Default-568h@2x.png in Resources */,
			);
			runOnlyForDeploymentPostprocessing = 0;
		};
/* End PBXResourcesBuildPhase section */

/* Begin PBXSourcesBuildPhase section */
		91A99A651607B499006D61A6 /* Sources */ = {
			isa = PBXSourcesBuildPhase;
			buildActionMask = 2147483647;
			files = (
				91A99A7A1607B499006D61A6 /* main.m in Sources */,
				91A99A7E1607B499006D61A6 /* Hello_WorldAppDelegate.m in Sources */,
				91A99A811607B499006D61A6 /* Hello_WorldViewController.m in Sources */,
			);
			runOnlyForDeploymentPostprocessing = 0;
		};
/* End PBXSourcesBuildPhase section */

/* Begin PBXVariantGroup section */
		91A99A761607B499006D61A6 /* InfoPlist.strings */ = {
			isa = PBXVariantGroup;
			children = (
				91A99A771607B499006D61A6 /* en */,
			);
			name = InfoPlist.strings;
			sourceTree = "<group>";
		};
		91A99A821607B499006D61A6 /* Hello_WorldViewController.xib */ = {
			isa = PBXVariantGroup;
			children = (
				91A99A831607B499006D61A6 /* en */,
			);
			name = Hello_WorldViewController.xib;
			sourceTree = "<group>";
		};
/* End PBXVariantGroup section */

/* Begin XCBuildConfiguration section */
		91A99A851607B499006D61A6 /* Debug */ = {
			isa = XCBuildConfiguration;
			buildSettings = {
				ALWAYS_SEARCH_USER_PATHS = NO;
				ARCHS = "$(ARCHS_STANDARD_32_BIT)";
				CLANG_CXX_LANGUAGE_STANDARD = "gnu++0x";
				CLANG_ENABLE_OBJC_ARC = YES;
				CLANG_WARN__DUPLICATE_METHOD_MATCH = YES;
				"CODE_SIGN_IDENTITY[sdk=iphoneos*]" = "iPhone Developer";
				COPY_PHASE_STRIP = NO;
				GCC_C_LANGUAGE_STANDARD = gnu99;
				GCC_DYNAMIC_NO_PIC = NO;
				GCC_OPTIMIZATION_LEVEL = 0;
				GCC_PREPROCESSOR_DEFINITIONS = (
					"DEBUG=1",
					"$(inherited)",
				);
				GCC_SYMBOLS_PRIVATE_EXTERN = NO;
				GCC_VERSION = com.apple.compilers.llvm.clang.1_0;
				GCC_WARN_ABOUT_RETURN_TYPE = YES;
				GCC_WARN_UNINITIALIZED_AUTOS = YES;
				GCC_WARN_UNUSED_VARIABLE = YES;
				IPHONEOS_DEPLOYMENT_TARGET = 5.1;
				SDKROOT = iphoneos;
			};
			name = Debug;
		};
		91A99A861607B499006D61A6 /* Release */ = {
			isa = XCBuildConfiguration;
			buildSettings = {
				ALWAYS_SEARCH_USER_PATHS = NO;
				ARCHS = "$(ARCHS_STANDARD_32_BIT)";
				CLANG_CXX_LANGUAGE_STANDARD = "gnu++0x";
				CLANG_ENABLE_OBJC_ARC = YES;
				CLANG_WARN__DUPLICATE_METHOD_MATCH = YES;
				"CODE_SIGN_IDENTITY[sdk=iphoneos*]" = "iPhone Developer";
				COPY_PHASE_STRIP = YES;
				GCC_C_LANGUAGE_STANDARD = gnu99;
				GCC_VERSION = com.apple.compilers.llvm.clang.1_0;
				GCC_WARN_ABOUT_RETURN_TYPE = YES;
				GCC_WARN_UNINITIALIZED_AUTOS = YES;
				GCC_WARN_UNUSED_VARIABLE = YES;
				IPHONEOS_DEPLOYMENT_TARGET = 5.1;
				OTHER_CFLAGS = "-DNS_BLOCK_ASSERTIONS=1";
				SDKROOT = iphoneos;
				VALIDATE_PRODUCT = YES;
			};
			name = Release;
		};
		91A99A881607B499006D61A6 /* Debug */ = {
			isa = XCBuildConfiguration;
			buildSettings = {
				GCC_PRECOMPILE_PREFIX_HEADER = YES;
				GCC_PREFIX_HEADER = "Hello World/Hello World-Prefix.pch";
				INFOPLIST_FILE = "Hello World/Hello World-Info.plist";
				PRODUCT_NAME = "$(TARGET_NAME)";
				WRAPPER_EXTENSION = app;
			};
			name = Debug;
		};
		91A99A891607B499006D61A6 /* Release */ = {
			isa = XCBuildConfiguration;
			buildSettings = {
				GCC_PRECOMPILE_PREFIX_HEADER = YES;
				GCC_PREFIX_HEADER = "Hello World/Hello World-Prefix.pch";
				INFOPLIST_FILE = "Hello World/Hello World-Info.plist";
				PRODUCT_NAME = "$(TARGET_NAME)";
				WRAPPER_EXTENSION = app;
			};
			name = Release;
		};
/* End XCBuildConfiguration section */

/* Begin XCConfigurationList section */
		91A99A631607B499006D61A6 /* Build configuration list for PBXProject "Hello World" */ = {
			isa = XCConfigurationList;
			buildConfigurations = (
				91A99A851607B499006D61A6 /* Debug */,
				91A99A861607B499006D61A6 /* Release */,
			);
			defaultConfigurationIsVisible = 0;
			defaultConfigurationName = Release;
		};
		91A99A871607B499006D61A6 /* Build configuration list for PBXNativeTarget "Hello World" */ = {
			isa = XCConfigurationList;
			buildConfigurations = (
				91A99A881607B499006D61A6 /* Debug */,
				91A99A891607B499006D61A6 /* Release */,
			);
			defaultConfigurationIsVisible = 0;
			defaultConfigurationName = Release;
		};
/* End XCConfigurationList section */
	};
	rootObject = 91A99A601607B499006D61A6 /* Project object */;
}
